<?xml version="1.0" encoding="utf-8"?>
<Project ToolsVersion="4.0" xmlns="http://schemas.microsoft.com/developer/msbuild/2003">
  <ItemGroup>
    <Filter Include="源文件">
      <UniqueIdentifier>{4FC737F1-C7A5-4376-A066-2A32D752A2FF}</UniqueIdentifier>
      <Extensions>cpp;c;cc;cxx;def;odl;idl;hpj;bat;asm;asmx</Extensions>
    </Filter>
    <Filter Include="头文件">
      <UniqueIdentifier>{93995380-89BD-4b04-88EB-625FBE52EBFB}</UniqueIdentifier>
      <Extensions>h;hh;hpp;hxx;hm;inl;inc;xsd</Extensions>
    </Filter>
    <Filter Include="资源文件">
      <UniqueIdentifier>{67DA6AB6-F800-4c08-8B7A-83BB121AAD01}</UniqueIdentifier>
      <Extensions>rc;ico;cur;bmp;dlg;rc2;rct;bin;rgs;gif;jpg;jpeg;jpe;resx;tiff;tif;png;wav;mfcribbon-ms</Extensions>
    </Filter>
    <Filter Include="Components">
      <UniqueIdentifier>{a7e3aa76-cf77-42b4-bdea-0f297f900a13}</UniqueIdentifier>
    </Filter>
    <Filter Include="数学库">
      <UniqueIdentifier>{adfab873-4a0a-46ee-89e6-b41f1342e285}</UniqueIdentifier>
    </Filter>
    <Filter Include="Unity">
      <UniqueIdentifier>{eb22354a-50f3-4ea4-940e-980080184d48}</UniqueIdentifier>
    </Filter>
    <Filter Include="图形库">
      <UniqueIdentifier>{274716ca-40a3-4de7-9e1c-d82911b6abf6}</UniqueIdentifier>
    </Filter>
    <Filter Include="资源库">
      <UniqueIdentifier>{3854e61b-6927-429f-9b29-ab1f7b451938}</UniqueIdentifier>
    </Filter>
  </ItemGroup>
  <ItemGroup>
    <ClCompile Include="Main.cpp">
      <Filter>源文件</Filter>
    </ClCompile>
    <ClCompile Include="Vector3.cpp">
      <Filter>数学库</Filter>
    </ClCompile>
    <ClCompile Include="Matrix.cpp">
      <Filter>数学库</Filter>
    </ClCompile>
    <ClCompile Include="Quaternion.cpp">
      <Filter>数学库</Filter>
    </ClCompile>
    <ClCompile Include="Input.cpp">
      <Filter>Unity</Filter>
    </ClCompile>
    <ClCompile Include="GameObject.cpp">
      <Filter>Unity</Filter>
    </ClCompile>
    <ClCompile Include="Scene.cpp">
      <Filter>Unity</Filter>
    </ClCompile>
    <ClCompile Include="SphereCollider.cpp">
      <Filter>Unity</Filter>
    </ClCompile>
    <ClCompile Include="RigidBody.cpp">
      <Filter>Unity</Filter>
    </ClCompile>
    <ClCompile Include="Physics.cpp">
      <Filter>Unity</Filter>
    </ClCompile>
    <ClCompile Include="SkyBox.cpp">
      <Filter>图形库</Filter>
    </ClCompile>
    <ClCompile Include="Texture.cpp">
      <Filter>图形库</Filter>
    </ClCompile>
    <ClCompile Include="Shader.cpp">
      <Filter>图形库</Filter>
    </ClCompile>
    <ClCompile Include="Model.cpp">
      <Filter>图形库</Filter>
    </ClCompile>
    <ClCompile Include="Mesh.cpp">
      <Filter>图形库</Filter>
    </ClCompile>
    <ClCompile Include="Lighting.cpp">
      <Filter>Unity</Filter>
    </ClCompile>
    <ClCompile Include="DebugModule.cpp">
      <Filter>源文件</Filter>
    </ClCompile>
    <ClCompile Include="GraphicStructrue.cpp">
      <Filter>源文件</Filter>
    </ClCompile>
    <ClCompile Include="MonoBehaviour.cpp">
      <Filter>Unity</Filter>
    </ClCompile>
    <ClCompile Include="Transform.cpp">
      <Filter>Unity</Filter>
    </ClCompile>
  </ItemGroup>
  <ItemGroup>
    <ClInclude Include="AutoRotate.h">
      <Filter>Components</Filter>
    </ClInclude>
    <ClInclude Include="MouseRotater.h">
      <Filter>Components</Filter>
    </ClInclude>
    <ClInclude Include="Vector3.h">
      <Filter>数学库</Filter>
    </ClInclude>
    <ClInclude Include="Matrix.h">
      <Filter>数学库</Filter>
    </ClInclude>
    <ClInclude Include="Quaternion.h">
      <Filter>数学库</Filter>
    </ClInclude>
    <ClInclude Include="Input.h">
      <Filter>Unity</Filter>
    </ClInclude>
    <ClInclude Include="GameObject.h">
      <Filter>Unity</Filter>
    </ClInclude>
    <ClInclude Include="UnityIndex.h">
      <Filter>Unity</Filter>
    </ClInclude>
    <ClInclude Include="Scene.h">
      <Filter>Unity</Filter>
    </ClInclude>
    <ClInclude Include="FPSMover.h">
      <Filter>Components</Filter>
    </ClInclude>
    <ClInclude Include="LightComponent.h">
      <Filter>Components</Filter>
    </ClInclude>
    <ClInclude Include="PressLToShowPosition.h">
      <Filter>Components</Filter>
    </ClInclude>
    <ClInclude Include="Physics.h">
      <Filter>Unity</Filter>
    </ClInclude>
    <ClInclude Include="SphereCollider.h">
      <Filter>Unity</Filter>
    </ClInclude>
    <ClInclude Include="RigidBody.h">
      <Filter>Unity</Filter>
    </ClInclude>
    <ClInclude Include="Tracker.h">
      <Filter>Components</Filter>
    </ClInclude>
    <ClInclude Include="FPSRigidBodyMover.h">
      <Filter>Components</Filter>
    </ClInclude>
    <ClInclude Include="SkyBox.h">
      <Filter>图形库</Filter>
    </ClInclude>
    <ClInclude Include="ModelIndex.h">
      <Filter>图形库</Filter>
    </ClInclude>
    <ClInclude Include="Texture.h">
      <Filter>图形库</Filter>
    </ClInclude>
    <ClInclude Include="Shader.h">
      <Filter>图形库</Filter>
    </ClInclude>
    <ClInclude Include="Model.h">
      <Filter>图形库</Filter>
    </ClInclude>
    <ClInclude Include="Mesh.h">
      <Filter>图形库</Filter>
    </ClInclude>
    <ClInclude Include="Components.h">
      <Filter>资源库</Filter>
    </ClInclude>
    <ClInclude Include="GameObjects.h">
      <Filter>资源库</Filter>
    </ClInclude>
    <ClInclude Include="Shaders.h">
      <Filter>资源库</Filter>
    </ClInclude>
    <ClInclude Include="Models.h">
      <Filter>资源库</Filter>
    </ClInclude>
    <ClInclude Include="Gravity.h">
      <Filter>Components</Filter>
    </ClInclude>
    <ClInclude Include="Lighting.h">
      <Filter>Unity</Filter>
    </ClInclude>
    <ClInclude Include="Textures.h">
      <Filter>资源库</Filter>
    </ClInclude>
    <ClInclude Include="mover.h">
      <Filter>Components</Filter>
    </ClInclude>
    <ClInclude Include="CarController.h">
      <Filter>Components</Filter>
    </ClInclude>
    <ClInclude Include="DebugModule.h">
      <Filter>头文件</Filter>
    </ClInclude>
    <ClInclude Include="RainComponent.h">
      <Filter>Components</Filter>
    </ClInclude>
    <ClInclude Include="CamVelocityRecorder.h">
      <Filter>Components</Filter>
    </ClInclude>
    <ClInclude Include="OpenglHeader.h">
      <Filter>头文件</Filter>
    </ClInclude>
    <ClInclude Include="GraphicStructure.h">
      <Filter>头文件</Filter>
    </ClInclude>
    <ClInclude Include="MathIndex.h">
      <Filter>数学库</Filter>
    </ClInclude>
    <ClInclude Include="MonoBehaviour.h">
      <Filter>Unity</Filter>
    </ClInclude>
    <ClInclude Include="Transform.h">
      <Filter>Unity</Filter>
    </ClInclude>
  </ItemGroup>
  <ItemGroup>
    <None Include="packages.config" />
    <None Include="Model400.vert">
      <Filter>资源文件</Filter>
    </None>
    <None Include="Model400.frag">
      <Filter>资源文件</Filter>
    </None>
    <None Include="Basic400.vert">
      <Filter>资源文件</Filter>
    </None>
    <None Include="Basic400.frag">
      <Filter>资源文件</Filter>
    </None>
    <None Include="Texture400.vert">
      <Filter>资源文件</Filter>
    </None>
    <None Include="Texture400.frag">
      <Filter>资源文件</Filter>
    </None>
    <None Include="Unit400.vert">
      <Filter>资源文件</Filter>
    </None>
    <None Include="Unit400.frag">
      <Filter>资源文件</Filter>
    </None>
    <None Include="ShadowMap.vert">
      <Filter>资源文件</Filter>
    </None>
    <None Include="ShadowMap.frag">
      <Filter>资源文件</Filter>
    </None>
  </ItemGroup>
</Project>